
Microsoft Visual Studio Solution File, Format Version 12.00
# Visual Studio Version 17
VisualStudioVersion = 17.8.34408.163
MinimumVisualStudioVersion = 10.0.40219.1
Project("{FAE04EC0-301F-11D3-BF4B-00C04F79EFBC}") = "FineCodeCoverage", "FineCodeCoverage\FineCodeCoverage.csproj", "{31C104BB-D294-4942-B206-896AA7A5FCB9}"
EndProject
Project("{2150E333-8FDC-42A3-9474-1A3956D46DE8}") = "Solution", "Solution", "{208EE360-4076-4680-A9B7-2BA9C17EA9FB}"
	ProjectSection(SolutionItems) = preProject
		.editorconfig = .editorconfig
		.gitattributes = .gitattributes
		.gitignore = .gitignore
		.github\workflows\addVsixLinkToIssues.yaml = .github\workflows\addVsixLinkToIssues.yaml
		CHANGELOG.md = CHANGELOG.md
		CONTRIBUTING.md = CONTRIBUTING.md
		dev-readmes\coverage-tool-zips.md = dev-readmes\coverage-tool-zips.md
		ISSUE_TEMPLATE.md = ISSUE_TEMPLATE.md
		LICENSE = LICENSE
		.github\workflows\push_pull.yaml = .github\workflows\push_pull.yaml
		README-Template.md = README-Template.md
		Settings.XamlStyler = Settings.XamlStyler
	EndProjectSection
EndProject
Project("{FAE04EC0-301F-11D3-BF4B-00C04F79EFBC}") = "FineCodeCoverageTests", "FineCodeCoverageTests\FineCodeCoverageTests.csproj", "{01F70D01-062D-4391-AF82-8325B22B87AB}"
EndProject
Project("{D954291E-2A0B-460D-934E-DC6B0785DB48}") = "SharedProject", "SharedProject\SharedProject.shproj", "{9353044C-5D39-4E70-8E78-28213E05217A}"
EndProject
Project("{FAE04EC0-301F-11D3-BF4B-00C04F79EFBC}") = "FineCodeCoverage2022", "FineCodeCoverage2022\FineCodeCoverage2022.csproj", "{59A22196-A750-4BA4-B30E-BE1422E68B8E}"
EndProject
Project("{2150E333-8FDC-42A3-9474-1A3956D46DE8}") = "Solution Items", "Solution Items", "{BAA6EBA8-65A6-46B0-8719-CB5C7EE6AE96}"
	ProjectSection(SolutionItems) = preProject
		.github\FUNDING.yml = .github\FUNDING.yml
	EndProjectSection
EndProject
Project("{FAE04EC0-301F-11D3-BF4B-00C04F79EFBC}") = "TreeGrid", "TreeGrid\TreeGrid.csproj", "{B1F5830C-2ACB-4ECC-AD8C-8EAADCA586DA}"
EndProject
Project("{FAE04EC0-301F-11D3-BF4B-00C04F79EFBC}") = "WpfHelpers", "WpfHelpers\WpfHelpers.csproj", "{2BCB9C3E-FFCF-4609-846B-B1562DAB39A7}"
EndProject
Project("{FAE04EC0-301F-11D3-BF4B-00C04F79EFBC}") = "GithubReadmeCreator", "GithubReadmeCreator\GithubReadmeCreator.csproj", "{3A077997-E09A-46D4-A5B6-B2D15115AC19}"
EndProject
Project("{FAE04EC0-301F-11D3-BF4B-00C04F79EFBC}") = "MarkdigExtended", "MarkdigExtended\MarkdigExtended.csproj", "{96CD0FAF-B8DF-4CB4-A423-E2F7566BA4A1}"
EndProject
Project("{FAE04EC0-301F-11D3-BF4B-00C04F79EFBC}") = "FineCodeCoverage.Utilities", "FineCodeCoverage.Utilities\FineCodeCoverage.Utilities.csproj", "{9A8F0EBC-AF9D-448D-928D-27E08A77AB23}"
EndProject
Project("{FAE04EC0-301F-11D3-BF4B-00C04F79EFBC}") = "FineCodeCoverage.Feedback", "FineCodeCoverage.Feedback\FineCodeCoverage.Feedback.csproj", "{1638D418-B831-44C7-8F3E-717FF1D21414}"
EndProject
Project("{FAE04EC0-301F-11D3-BF4B-00C04F79EFBC}") = "FineCodeCoverage.Readme", "FineCodeCoverage.Readme\FineCodeCoverage.Readme.csproj", "{5553705C-A85B-46BC-A406-8F113FD18638}"
EndProject
Project("{FAE04EC0-301F-11D3-BF4B-00C04F79EFBC}") = "FineCodeCoverage.Initialization", "FineCodeCoverage.Initialization\FineCodeCoverage.Initialization.csproj", "{48AF8161-FAB3-462D-B898-036B7C9897FB}"
EndProject
Project("{FAE04EC0-301F-11D3-BF4B-00C04F79EFBC}") = "FineCodeCoverage.Options", "FineCodeCoverage.Options\FineCodeCoverage.Options.csproj", "{94E28CEA-8B1F-4841-9C5F-7E7B636A2D67}"
EndProject
Project("{FAE04EC0-301F-11D3-BF4B-00C04F79EFBC}") = "FineCodeCoverage.VSAbstractions", "FineCodeCoverage.VSAbstractions\FineCodeCoverage.VSAbstractions.csproj", "{7B206C15-D01C-4144-978D-C37CA9962E69}"
EndProject
Project("{FAE04EC0-301F-11D3-BF4B-00C04F79EFBC}") = "FineCodeCoverage.Collection", "FineCodeCoverage.Collection\FineCodeCoverage.Collection.csproj", "{ED130DE3-9267-48CB-A3FB-568DC9EE03BB}"
EndProject
Project("{FAE04EC0-301F-11D3-BF4B-00C04F79EFBC}") = "FineCodeCoverage.Hotspots", "FineCodeCoverage.Hotspots\FineCodeCoverage.Hotspots.csproj", "{8B3C2717-8C77-97EC-E37A-3A903BBC368C}"
EndProject
Project("{D954291E-2A0B-460D-934E-DC6B0785DB48}") = "VsThemedDialogs", "VsThemedDialogs\VsThemedDialogs.shproj", "{39D84439-F11E-4FFE-B0DC-E6519F97EC85}"
EndProject
Project("{FAE04EC0-301F-11D3-BF4B-00C04F79EFBC}") = "VsThemedDialogs.ViewModelInterfaces", "VsThemedDialogs.ViewModelInterfaces\VsThemedDialogs.ViewModelInterfaces.csproj", "{77D67FB3-BB31-4937-9866-4A7C53822A43}"
EndProject
Project("{FAE04EC0-301F-11D3-BF4B-00C04F79EFBC}") = "VsThemedDialogs2022", "VsThemedDialogs2022\VsThemedDialogs2022.csproj", "{111E8F1C-17F3-4AA5-A4F4-B1B834665B27}"
EndProject
Project("{FAE04EC0-301F-11D3-BF4B-00C04F79EFBC}") = "VsThemedDialogs2019", "VsThemedDialogs2019\VsThemedDialogs2019.csproj", "{41F2B243-D408-40C0-B2F9-10A57633FBC7}"
EndProject
Project("{FAE04EC0-301F-11D3-BF4B-00C04F79EFBC}") = "WpfGridExtensions", "WpfGridExtensions\WpfGridExtensions.csproj", "{5196DEC6-4B81-40C9-A789-024C7E1B18B2}"
EndProject
Project("{FAE04EC0-301F-11D3-BF4B-00C04F79EFBC}") = "FineCodeCoverage.Github", "FineCodeCoverage.Github\FineCodeCoverage.Github.csproj", "{F2DBD862-E3F9-497F-A33E-CDBADF2F8FEA}"
EndProject
Global
	GlobalSection(SolutionConfigurationPlatforms) = preSolution
		Debug|Any CPU = Debug|Any CPU
		Release|Any CPU = Release|Any CPU
	EndGlobalSection
	GlobalSection(ProjectConfigurationPlatforms) = postSolution
		{31C104BB-D294-4942-B206-896AA7A5FCB9}.Debug|Any CPU.ActiveCfg = Debug|Any CPU
		{31C104BB-D294-4942-B206-896AA7A5FCB9}.Debug|Any CPU.Build.0 = Debug|Any CPU
		{31C104BB-D294-4942-B206-896AA7A5FCB9}.Release|Any CPU.ActiveCfg = Release|Any CPU
		{31C104BB-D294-4942-B206-896AA7A5FCB9}.Release|Any CPU.Build.0 = Release|Any CPU
		{01F70D01-062D-4391-AF82-8325B22B87AB}.Debug|Any CPU.ActiveCfg = Debug|Any CPU
		{01F70D01-062D-4391-AF82-8325B22B87AB}.Debug|Any CPU.Build.0 = Debug|Any CPU
		{01F70D01-062D-4391-AF82-8325B22B87AB}.Release|Any CPU.ActiveCfg = Release|Any CPU
		{01F70D01-062D-4391-AF82-8325B22B87AB}.Release|Any CPU.Build.0 = Release|Any CPU
		{59A22196-A750-4BA4-B30E-BE1422E68B8E}.Debug|Any CPU.ActiveCfg = Debug|Any CPU
		{59A22196-A750-4BA4-B30E-BE1422E68B8E}.Debug|Any CPU.Build.0 = Debug|Any CPU
		{59A22196-A750-4BA4-B30E-BE1422E68B8E}.Release|Any CPU.ActiveCfg = Release|Any CPU
		{59A22196-A750-4BA4-B30E-BE1422E68B8E}.Release|Any CPU.Build.0 = Release|Any CPU
		{B1F5830C-2ACB-4ECC-AD8C-8EAADCA586DA}.Debug|Any CPU.ActiveCfg = Debug|Any CPU
		{B1F5830C-2ACB-4ECC-AD8C-8EAADCA586DA}.Debug|Any CPU.Build.0 = Debug|Any CPU
		{B1F5830C-2ACB-4ECC-AD8C-8EAADCA586DA}.Release|Any CPU.ActiveCfg = Release|Any CPU
		{B1F5830C-2ACB-4ECC-AD8C-8EAADCA586DA}.Release|Any CPU.Build.0 = Release|Any CPU
		{2BCB9C3E-FFCF-4609-846B-B1562DAB39A7}.Debug|Any CPU.ActiveCfg = Debug|Any CPU
		{2BCB9C3E-FFCF-4609-846B-B1562DAB39A7}.Debug|Any CPU.Build.0 = Debug|Any CPU
		{2BCB9C3E-FFCF-4609-846B-B1562DAB39A7}.Release|Any CPU.ActiveCfg = Release|Any CPU
		{2BCB9C3E-FFCF-4609-846B-B1562DAB39A7}.Release|Any CPU.Build.0 = Release|Any CPU
		{3A077997-E09A-46D4-A5B6-B2D15115AC19}.Debug|Any CPU.ActiveCfg = Debug|Any CPU
		{3A077997-E09A-46D4-A5B6-B2D15115AC19}.Debug|Any CPU.Build.0 = Debug|Any CPU
		{3A077997-E09A-46D4-A5B6-B2D15115AC19}.Release|Any CPU.ActiveCfg = Release|Any CPU
		{3A077997-E09A-46D4-A5B6-B2D15115AC19}.Release|Any CPU.Build.0 = Release|Any CPU
		{96CD0FAF-B8DF-4CB4-A423-E2F7566BA4A1}.Debug|Any CPU.ActiveCfg = Debug|Any CPU
		{96CD0FAF-B8DF-4CB4-A423-E2F7566BA4A1}.Debug|Any CPU.Build.0 = Debug|Any CPU
		{96CD0FAF-B8DF-4CB4-A423-E2F7566BA4A1}.Release|Any CPU.ActiveCfg = Release|Any CPU
		{96CD0FAF-B8DF-4CB4-A423-E2F7566BA4A1}.Release|Any CPU.Build.0 = Release|Any CPU
		{9A8F0EBC-AF9D-448D-928D-27E08A77AB23}.Debug|Any CPU.ActiveCfg = Debug|Any CPU
		{9A8F0EBC-AF9D-448D-928D-27E08A77AB23}.Debug|Any CPU.Build.0 = Debug|Any CPU
		{9A8F0EBC-AF9D-448D-928D-27E08A77AB23}.Release|Any CPU.ActiveCfg = Release|Any CPU
		{9A8F0EBC-AF9D-448D-928D-27E08A77AB23}.Release|Any CPU.Build.0 = Release|Any CPU
		{1638D418-B831-44C7-8F3E-717FF1D21414}.Debug|Any CPU.ActiveCfg = Debug|Any CPU
		{1638D418-B831-44C7-8F3E-717FF1D21414}.Debug|Any CPU.Build.0 = Debug|Any CPU
		{1638D418-B831-44C7-8F3E-717FF1D21414}.Release|Any CPU.ActiveCfg = Release|Any CPU
		{1638D418-B831-44C7-8F3E-717FF1D21414}.Release|Any CPU.Build.0 = Release|Any CPU
		{5553705C-A85B-46BC-A406-8F113FD18638}.Debug|Any CPU.ActiveCfg = Debug|Any CPU
		{5553705C-A85B-46BC-A406-8F113FD18638}.Debug|Any CPU.Build.0 = Debug|Any CPU
		{5553705C-A85B-46BC-A406-8F113FD18638}.Release|Any CPU.ActiveCfg = Release|Any CPU
		{5553705C-A85B-46BC-A406-8F113FD18638}.Release|Any CPU.Build.0 = Release|Any CPU
		{48AF8161-FAB3-462D-B898-036B7C9897FB}.Debug|Any CPU.ActiveCfg = Debug|Any CPU
		{48AF8161-FAB3-462D-B898-036B7C9897FB}.Debug|Any CPU.Build.0 = Debug|Any CPU
		{48AF8161-FAB3-462D-B898-036B7C9897FB}.Release|Any CPU.ActiveCfg = Release|Any CPU
		{48AF8161-FAB3-462D-B898-036B7C9897FB}.Release|Any CPU.Build.0 = Release|Any CPU
		{94E28CEA-8B1F-4841-9C5F-7E7B636A2D67}.Debug|Any CPU.ActiveCfg = Debug|Any CPU
		{94E28CEA-8B1F-4841-9C5F-7E7B636A2D67}.Debug|Any CPU.Build.0 = Debug|Any CPU
		{94E28CEA-8B1F-4841-9C5F-7E7B636A2D67}.Release|Any CPU.ActiveCfg = Release|Any CPU
		{94E28CEA-8B1F-4841-9C5F-7E7B636A2D67}.Release|Any CPU.Build.0 = Release|Any CPU
		{7B206C15-D01C-4144-978D-C37CA9962E69}.Debug|Any CPU.ActiveCfg = Debug|Any CPU
		{7B206C15-D01C-4144-978D-C37CA9962E69}.Debug|Any CPU.Build.0 = Debug|Any CPU
		{7B206C15-D01C-4144-978D-C37CA9962E69}.Release|Any CPU.ActiveCfg = Release|Any CPU
		{7B206C15-D01C-4144-978D-C37CA9962E69}.Release|Any CPU.Build.0 = Release|Any CPU
		{ED130DE3-9267-48CB-A3FB-568DC9EE03BB}.Debug|Any CPU.ActiveCfg = Debug|Any CPU
		{ED130DE3-9267-48CB-A3FB-568DC9EE03BB}.Debug|Any CPU.Build.0 = Debug|Any CPU
		{ED130DE3-9267-48CB-A3FB-568DC9EE03BB}.Release|Any CPU.ActiveCfg = Release|Any CPU
		{ED130DE3-9267-48CB-A3FB-568DC9EE03BB}.Release|Any CPU.Build.0 = Release|Any CPU
		{8B3C2717-8C77-97EC-E37A-3A903BBC368C}.Debug|Any CPU.ActiveCfg = Debug|Any CPU
		{8B3C2717-8C77-97EC-E37A-3A903BBC368C}.Debug|Any CPU.Build.0 = Debug|Any CPU
		{8B3C2717-8C77-97EC-E37A-3A903BBC368C}.Release|Any CPU.ActiveCfg = Release|Any CPU
		{8B3C2717-8C77-97EC-E37A-3A903BBC368C}.Release|Any CPU.Build.0 = Release|Any CPU
		{77D67FB3-BB31-4937-9866-4A7C53822A43}.Debug|Any CPU.ActiveCfg = Debug|Any CPU
		{77D67FB3-BB31-4937-9866-4A7C53822A43}.Debug|Any CPU.Build.0 = Debug|Any CPU
		{77D67FB3-BB31-4937-9866-4A7C53822A43}.Release|Any CPU.ActiveCfg = Release|Any CPU
		{77D67FB3-BB31-4937-9866-4A7C53822A43}.Release|Any CPU.Build.0 = Release|Any CPU
		{111E8F1C-17F3-4AA5-A4F4-B1B834665B27}.Debug|Any CPU.ActiveCfg = Debug|Any CPU
		{111E8F1C-17F3-4AA5-A4F4-B1B834665B27}.Debug|Any CPU.Build.0 = Debug|Any CPU
		{111E8F1C-17F3-4AA5-A4F4-B1B834665B27}.Release|Any CPU.ActiveCfg = Release|Any CPU
		{111E8F1C-17F3-4AA5-A4F4-B1B834665B27}.Release|Any CPU.Build.0 = Release|Any CPU
		{41F2B243-D408-40C0-B2F9-10A57633FBC7}.Debug|Any CPU.ActiveCfg = Debug|Any CPU
		{41F2B243-D408-40C0-B2F9-10A57633FBC7}.Debug|Any CPU.Build.0 = Debug|Any CPU
		{41F2B243-D408-40C0-B2F9-10A57633FBC7}.Release|Any CPU.ActiveCfg = Release|Any CPU
		{41F2B243-D408-40C0-B2F9-10A57633FBC7}.Release|Any CPU.Build.0 = Release|Any CPU
		{5196DEC6-4B81-40C9-A789-024C7E1B18B2}.Debug|Any CPU.ActiveCfg = Debug|Any CPU
		{5196DEC6-4B81-40C9-A789-024C7E1B18B2}.Debug|Any CPU.Build.0 = Debug|Any CPU
		{5196DEC6-4B81-40C9-A789-024C7E1B18B2}.Release|Any CPU.ActiveCfg = Release|Any CPU
		{5196DEC6-4B81-40C9-A789-024C7E1B18B2}.Release|Any CPU.Build.0 = Release|Any CPU
		{F2DBD862-E3F9-497F-A33E-CDBADF2F8FEA}.Debug|Any CPU.ActiveCfg = Debug|Any CPU
		{F2DBD862-E3F9-497F-A33E-CDBADF2F8FEA}.Debug|Any CPU.Build.0 = Debug|Any CPU
		{F2DBD862-E3F9-497F-A33E-CDBADF2F8FEA}.Release|Any CPU.ActiveCfg = Release|Any CPU
		{F2DBD862-E3F9-497F-A33E-CDBADF2F8FEA}.Release|Any CPU.Build.0 = Release|Any CPU
	EndGlobalSection
	GlobalSection(SolutionProperties) = preSolution
		HideSolutionNode = FALSE
	EndGlobalSection
	GlobalSection(ExtensibilityGlobals) = postSolution
		SolutionGuid = {EE8856CF-D8F1-4ECF-A722-F677A6F107A3}
	EndGlobalSection
	GlobalSection(SharedMSBuildProjectFiles) = preSolution
		VsThemedDialogs\VsThemedDialogs.projitems*{111e8f1c-17f3-4aa5-a4f4-b1b834665b27}*SharedItemsImports = 5
		SharedProject\SharedProject.projitems*{31c104bb-d294-4942-b206-896aa7a5fcb9}*SharedItemsImports = 4
		VsThemedDialogs\VsThemedDialogs.projitems*{39d84439-f11e-4ffe-b0dc-e6519f97ec85}*SharedItemsImports = 13
		VsThemedDialogs\VsThemedDialogs.projitems*{41f2b243-d408-40c0-b2f9-10a57633fbc7}*SharedItemsImports = 5
		SharedProject\SharedProject.projitems*{59a22196-a750-4ba4-b30e-be1422e68b8e}*SharedItemsImports = 4
		SharedProject\SharedProject.projitems*{9353044c-5d39-4e70-8e78-28213e05217a}*SharedItemsImports = 13
	EndGlobalSection
EndGlobal
